github.com/aybabtme/rgbterm v0.0.0-20170906152045-cc83f3b3ce59 h1:WWB576BN5zNSZc/M9d/10pqEx5VHNhaQ/yOVAkmj5Yo=
github.com/aybabtme/rgbterm v0.0.0-20170906152045-cc83f3b3ce59/go.mod h1:q/89r3U2H7sSsE2t6Kca0lfwTK8JdoNGS/yzM/4iH5I=
github.com/jessevdk/go-flags v1.4.0 h1:4IU2WS7AumrZ/40jfhf4QVDMsQwqA7VEHozFRrGARJA=
github.com/jessevdk/go-flags v1.4.0/go.mod h1:4FA24M0QyGHXBuZZK/XkWh8h0e1EYbRYJSGM75WSRxI=
github.com/radovskyb/watcher v1.0.7 h1:AYePLih6dpmS32vlHfhCeli8127LzkIgwJGcwwe8tUE=
github.com/radovskyb/watcher v1.0.7/go.mod h1:78okwvY5wPdzcb1UYnip1pvrZNIVEIh/Cm+ZuvsUYIg=
golang.org/x/sys v0.0.0-20190830142957-1e83adbbebd0 h1:7z820YPX9pxWR59qM7BE5+fglp4D/mKqAwCvGt11b+8=
golang.org/x/sys v0.0.0-20190830142957-1e83adbbebd0/go.mod h1:h1NjWce9XRLGQEsW7wpKNCjG9DtNlClVuFLEZdDNbEs=
